
Microsoft Visual Studio Solution File, Format Version 12.00
# Visual Studio Version 16
VisualStudioVersion = 16.0.33801.447
MinimumVisualStudioVersion = 10.0.40219.1
Project("{FAE04EC0-301F-11D3-BF4B-00C04F79EFBC}") = "DemoMVC", "DemoMVC\DemoMVC.csproj", "{621E01B4-75E9-461E-A4C7-86ECF9B3931B}"
EndProject
Global
	GlobalSection(SolutionConfigurationPlatforms) = preSolution
		Debug|Any CPU = Debug|Any CPU
		Release|Any CPU = Release|Any CPU
	EndGlobalSection
	GlobalSection(ProjectConfigurationPlatforms) = postSolution
		{621E01B4-75E9-461E-A4C7-86ECF9B3931B}.Debug|Any CPU.ActiveCfg = Debug|Any CPU
		{621E01B4-75E9-461E-A4C7-86ECF9B3931B}.Debug|Any CPU.Build.0 = Debug|Any CPU
		{621E01B4-75E9-461E-A4C7-86ECF9B3931B}.Release|Any CPU.ActiveCfg = Release|Any CPU
		{621E01B4-75E9-461E-A4C7-86ECF9B3931B}.Release|Any CPU.Build.0 = Release|Any CPU
	EndGlobalSection
	GlobalSection(SolutionProperties) = preSolution
		HideSolutionNode = FALSE
	EndGlobalSection
	GlobalSection(ExtensibilityGlobals) = postSolution
		SolutionGuid = {C4BE1233-BE0E-4A9C-86D3-BE69AAD6EE75}
	EndGlobalSection
EndGlobal
